
Microsoft Visual Studio Solution File, Format Version 12.00
# Visual Studio 15
VisualStudioVersion = 15.0.27428.2015
MinimumVisualStudioVersion = 10.0.40219.1
Project("{FAE04EC0-301F-11D3-BF4B-00C04F79EFBC}") = "Test", "Console\Test.csproj", "{B5488E3C-87D5-45D2-9F3E-B27A96FBD108}"
EndProject
Project("{FAE04EC0-301F-11D3-BF4B-00C04F79EFBC}") = "Robot", "Robot\Robot.csproj", "{2B52EA96-CDE5-4722-A80D-6DCCC6694A6A}"
EndProject
Project("{FAE04EC0-301F-11D3-BF4B-00C04F79EFBC}") = "WpfTest", "WpfTest\WpfTest.csproj", "{03E120E2-4E5F-4DDC-A6F3-6888384A7E48}"
EndProject
Project("{FAE04EC0-301F-11D3-BF4B-00C04F79EFBC}") = "Scheda", "Scheda\Scheda.csproj", "{532F7E16-8308-4BCC-9BF9-F0CD4C0E54F6}"
EndProject
Project("{FAE04EC0-301F-11D3-BF4B-00C04F79EFBC}") = "Ciclo", "Ciclo\Ciclo.csproj", "{6F6C8FCC-77F0-4F20-93B0-F9BC34A8B638}"
EndProject
Project("{FAE04EC0-301F-11D3-BF4B-00C04F79EFBC}") = "Compact", "Compact\Compact.csproj", "{E2DE4FB6-8280-4E72-9F9F-06EF925D5683}"
EndProject
Global
	GlobalSection(SolutionConfigurationPlatforms) = preSolution
		Debug|Any CPU = Debug|Any CPU
		Release|Any CPU = Release|Any CPU
	EndGlobalSection
	GlobalSection(ProjectConfigurationPlatforms) = postSolution
		{B5488E3C-87D5-45D2-9F3E-B27A96FBD108}.Debug|Any CPU.ActiveCfg = Debug|Any CPU
		{B5488E3C-87D5-45D2-9F3E-B27A96FBD108}.Debug|Any CPU.Build.0 = Debug|Any CPU
		{B5488E3C-87D5-45D2-9F3E-B27A96FBD108}.Release|Any CPU.ActiveCfg = Release|Any CPU
		{B5488E3C-87D5-45D2-9F3E-B27A96FBD108}.Release|Any CPU.Build.0 = Release|Any CPU
		{2B52EA96-CDE5-4722-A80D-6DCCC6694A6A}.Debug|Any CPU.ActiveCfg = Debug|Any CPU
		{2B52EA96-CDE5-4722-A80D-6DCCC6694A6A}.Debug|Any CPU.Build.0 = Debug|Any CPU
		{2B52EA96-CDE5-4722-A80D-6DCCC6694A6A}.Release|Any CPU.ActiveCfg = Release|Any CPU
		{2B52EA96-CDE5-4722-A80D-6DCCC6694A6A}.Release|Any CPU.Build.0 = Release|Any CPU
		{03E120E2-4E5F-4DDC-A6F3-6888384A7E48}.Debug|Any CPU.ActiveCfg = Debug|Any CPU
		{03E120E2-4E5F-4DDC-A6F3-6888384A7E48}.Debug|Any CPU.Build.0 = Debug|Any CPU
		{03E120E2-4E5F-4DDC-A6F3-6888384A7E48}.Release|Any CPU.ActiveCfg = Release|Any CPU
		{03E120E2-4E5F-4DDC-A6F3-6888384A7E48}.Release|Any CPU.Build.0 = Release|Any CPU
		{532F7E16-8308-4BCC-9BF9-F0CD4C0E54F6}.Debug|Any CPU.ActiveCfg = Debug|Any CPU
		{532F7E16-8308-4BCC-9BF9-F0CD4C0E54F6}.Debug|Any CPU.Build.0 = Debug|Any CPU
		{532F7E16-8308-4BCC-9BF9-F0CD4C0E54F6}.Release|Any CPU.ActiveCfg = Release|Any CPU
		{532F7E16-8308-4BCC-9BF9-F0CD4C0E54F6}.Release|Any CPU.Build.0 = Release|Any CPU
		{6F6C8FCC-77F0-4F20-93B0-F9BC34A8B638}.Debug|Any CPU.ActiveCfg = Debug|Any CPU
		{6F6C8FCC-77F0-4F20-93B0-F9BC34A8B638}.Debug|Any CPU.Build.0 = Debug|Any CPU
		{6F6C8FCC-77F0-4F20-93B0-F9BC34A8B638}.Release|Any CPU.ActiveCfg = Release|Any CPU
		{6F6C8FCC-77F0-4F20-93B0-F9BC34A8B638}.Release|Any CPU.Build.0 = Release|Any CPU
		{E2DE4FB6-8280-4E72-9F9F-06EF925D5683}.Debug|Any CPU.ActiveCfg = Debug|Any CPU
		{E2DE4FB6-8280-4E72-9F9F-06EF925D5683}.Debug|Any CPU.Build.0 = Debug|Any CPU
		{E2DE4FB6-8280-4E72-9F9F-06EF925D5683}.Release|Any CPU.ActiveCfg = Release|Any CPU
		{E2DE4FB6-8280-4E72-9F9F-06EF925D5683}.Release|Any CPU.Build.0 = Release|Any CPU
	EndGlobalSection
	GlobalSection(SolutionProperties) = preSolution
		HideSolutionNode = FALSE
	EndGlobalSection
	GlobalSection(ExtensibilityGlobals) = postSolution
		SolutionGuid = {7753EE51-C1BA-418C-BD4F-627F60252D7A}
	EndGlobalSection
EndGlobal
